
Microsoft Visual Studio Solution File, Format Version 12.00
# Visual Studio Version 16
VisualStudioVersion = 16.0.32002.261
MinimumVisualStudioVersion = 10.0.40219.1
Project("{FAE04EC0-301F-11D3-BF4B-00C04F79EFBC}") = "exceptionalhandling", "exceptionalhandling.csproj", "{C329A5A0-3A8F-412F-B94A-BEA599DA8D60}"
EndProject
Global
	GlobalSection(SolutionConfigurationPlatforms) = preSolution
		Debug|Any CPU = Debug|Any CPU
		Release|Any CPU = Release|Any CPU
	EndGlobalSection
	GlobalSection(ProjectConfigurationPlatforms) = postSolution
		{C329A5A0-3A8F-412F-B94A-BEA599DA8D60}.Debug|Any CPU.ActiveCfg = Debug|Any CPU
		{C329A5A0-3A8F-412F-B94A-BEA599DA8D60}.Debug|Any CPU.Build.0 = Debug|Any CPU
		{C329A5A0-3A8F-412F-B94A-BEA599DA8D60}.Release|Any CPU.ActiveCfg = Release|Any CPU
		{C329A5A0-3A8F-412F-B94A-BEA599DA8D60}.Release|Any CPU.Build.0 = Release|Any CPU
	EndGlobalSection
	GlobalSection(SolutionProperties) = preSolution
		HideSolutionNode = FALSE
	EndGlobalSection
	GlobalSection(ExtensibilityGlobals) = postSolution
		SolutionGuid = {ECA5182E-42BA-4D84-99BB-771239913509}
	EndGlobalSection
EndGlobal
